
Microsoft Visual Studio Solution File, Format Version 12.00
# Visual Studio 14
VisualStudioVersion = 14.0.25420.1
MinimumVisualStudioVersion = 10.0.40219.1
Project("{FAE04EC0-301F-11D3-BF4B-00C04F79EFBC}") = "MobileNewsService", "MobileNewsService\MobileNewsService.csproj", "{2022506B-5853-4755-BE27-5E57D2C0AFF4}"
EndProject
Project("{FAE04EC0-301F-11D3-BF4B-00C04F79EFBC}") = "MobileNewsBusinessLogic", "..\..\..\..\..\..\workspace\OFA\MobileNewsForOFA\MobileNewsBusinessLogic\MobileNewsBusinessLogic.csproj", "{504B36AA-DAB8-4EFE-B4DE-D2D54816B0E7}"
EndProject
Project("{FAE04EC0-301F-11D3-BF4B-00C04F79EFBC}") = "MobileNewsModel", "..\..\..\..\..\..\workspace\OFA\MobileNewsForOFA\MobileNewsModel\MobileNewsModel.csproj", "{C47436B8-A69A-4057-9EF4-16B2461902ED}"
EndProject
Global
	GlobalSection(SolutionConfigurationPlatforms) = preSolution
		Debug|Any CPU = Debug|Any CPU
		Release|Any CPU = Release|Any CPU
	EndGlobalSection
	GlobalSection(ProjectConfigurationPlatforms) = postSolution
		{2022506B-5853-4755-BE27-5E57D2C0AFF4}.Debug|Any CPU.ActiveCfg = Debug|Any CPU
		{2022506B-5853-4755-BE27-5E57D2C0AFF4}.Debug|Any CPU.Build.0 = Debug|Any CPU
		{2022506B-5853-4755-BE27-5E57D2C0AFF4}.Release|Any CPU.ActiveCfg = Release|Any CPU
		{2022506B-5853-4755-BE27-5E57D2C0AFF4}.Release|Any CPU.Build.0 = Release|Any CPU
		{504B36AA-DAB8-4EFE-B4DE-D2D54816B0E7}.Debug|Any CPU.ActiveCfg = Debug|Any CPU
		{504B36AA-DAB8-4EFE-B4DE-D2D54816B0E7}.Debug|Any CPU.Build.0 = Debug|Any CPU
		{504B36AA-DAB8-4EFE-B4DE-D2D54816B0E7}.Release|Any CPU.ActiveCfg = Release|Any CPU
		{504B36AA-DAB8-4EFE-B4DE-D2D54816B0E7}.Release|Any CPU.Build.0 = Release|Any CPU
		{C47436B8-A69A-4057-9EF4-16B2461902ED}.Debug|Any CPU.ActiveCfg = Debug|Any CPU
		{C47436B8-A69A-4057-9EF4-16B2461902ED}.Debug|Any CPU.Build.0 = Debug|Any CPU
		{C47436B8-A69A-4057-9EF4-16B2461902ED}.Release|Any CPU.ActiveCfg = Release|Any CPU
		{C47436B8-A69A-4057-9EF4-16B2461902ED}.Release|Any CPU.Build.0 = Release|Any CPU
	EndGlobalSection
	GlobalSection(SolutionProperties) = preSolution
		HideSolutionNode = FALSE
	EndGlobalSection
EndGlobal
